
Microsoft Visual Studio Solution File, Format Version 12.00
# Visual Studio Version 17
VisualStudioVersion = 17.2.32526.322
MinimumVisualStudioVersion = 10.0.40219.1
Project("{FAE04EC0-301F-11D3-BF4B-00C04F79EFBC}") = "Employeeclass", "Employeeclass\Employeeclass.csproj", "{B1B80FB6-C4AE-4F2A-BBF1-D0A80E810FFE}"
EndProject
Global
	GlobalSection(SolutionConfigurationPlatforms) = preSolution
		Debug|Any CPU = Debug|Any CPU
		Release|Any CPU = Release|Any CPU
	EndGlobalSection
	GlobalSection(ProjectConfigurationPlatforms) = postSolution
		{B1B80FB6-C4AE-4F2A-BBF1-D0A80E810FFE}.Debug|Any CPU.ActiveCfg = Debug|Any CPU
		{B1B80FB6-C4AE-4F2A-BBF1-D0A80E810FFE}.Debug|Any CPU.Build.0 = Debug|Any CPU
		{B1B80FB6-C4AE-4F2A-BBF1-D0A80E810FFE}.Release|Any CPU.ActiveCfg = Release|Any CPU
		{B1B80FB6-C4AE-4F2A-BBF1-D0A80E810FFE}.Release|Any CPU.Build.0 = Release|Any CPU
	EndGlobalSection
	GlobalSection(SolutionProperties) = preSolution
		HideSolutionNode = FALSE
	EndGlobalSection
	GlobalSection(ExtensibilityGlobals) = postSolution
		SolutionGuid = {153603C6-BCD7-4230-B0EE-14295DEADBF1}
	EndGlobalSection
EndGlobal
